# This file is automatically @generated by Wally.
# It is not intended for manual editing.
registry = "test"

[[package]]
name = "cometahn142/janitor"
version = "0.2.0"
dependencies = [["Promise", "cometahn142/promise@0.1.2"]]

[[package]]
name = "cometahn142/promise"
version = "0.1.2"
dependencies = []

[[package]]
name = "evaera/cmdr"
version = "1.12.0"
dependencies = []

[[package]]
name = "ffrostflame/bridgenet2"
version = "1.0.0"
dependencies = [["RemotePacketSizeCounter", "pysephwasntavailable/remotepacketsizecounter@2.4.1"], ["TableKit", "ffrostflame/tablekit@0.2.4"], ["wallyInstanceManager", "ffrostflame/wally-instance-manager@0.1.0"]]

[[package]]
name = "ffrostflame/tablekit"
version = "0.2.4"
dependencies = []

[[package]]
name = "ffrostflame/wally-instance-manager"
version = "0.1.0"
dependencies = []

[[package]]
name = "neonifieddev/signal"
version = "0.0.3"
dependencies = []

[[package]]
name = "pc-brasil/distributed-data-framework"
version = "0.1.0"
dependencies = [["bridgenet2", "ffrostflame/bridgenet2@1.0.0"], ["cmdr", "evaera/cmdr@1.12.0"], ["fusion", "realdeedy/fusion@0.3.0"], ["janitor", "cometahn142/janitor@0.2.0"], ["profilestore", "sekuriyo-lotus/profilestore@1.0.4"], ["promise", "cometahn142/promise@0.1.2"], ["signal", "neonifieddev/signal@0.0.3"]]

[[package]]
name = "pysephwasntavailable/remotepacketsizecounter"
version = "2.4.1"
dependencies = []

[[package]]
name = "realdeedy/fusion"
version = "0.3.0"
dependencies = []

[[package]]
name = "sekuriyo-lotus/profilestore"
version = "1.0.4"
dependencies = []
